{
  "version": 2,
  "dependencies": {
    "net10.0-windows10.0.19041": {
      "Microsoft.Windows.SDK.BuildTools": {
        "type": "Direct",
        "requested": "[10.0.28000.2705, )",
        "resolved": "10.0.28000.2705",
        "contentHash": "TZQ96xtu7+fyFsyJCgj6Hazru0H8G1kiE1CeZLGpsqT4xKQmkxWu9yRuxYLeHJECjqEHN7duZUTcdbt8zlQ8OQ=="
      },
      "Microsoft.WindowsAppSDK.Base": {
        "type": "Direct",
        "requested": "[2.0.4, )",
        "resolved": "2.0.4",
        "contentHash": "QXSy2llX2/Bx9dYWGUEsb10F40q94ZiDnPMzqa2/qRmTG4y9EXxGp6uHITb7c0b4FCa+6KFBlgh6D53M0QEMEg==",
        "dependencies": {
          "Microsoft.Windows.SDK.BuildTools": "10.0.26100.4654",
          "Microsoft.Windows.SDK.BuildTools.MSIX": "1.7.251221100"
        }
      },
      "Microsoft.WindowsAppSDK.Foundation": {
        "type": "Direct",
        "requested": "[2.3.12, )",
        "resolved": "2.3.12",
        "contentHash": "UflrNbXoZmHPt8lLGDk4gQ+yoGfQlCHd3TVTy7YwCMZ/aVGWAiLDqGCEjtWmNsI8ySy6imx3ZlenKfd2/VMPEg==",
        "dependencies": {
          "Microsoft.WindowsAppSDK.Base": "2.0.4",
          "Microsoft.WindowsAppSDK.InteractiveExperiences": "2.1.8"
        }
      },
      "Microsoft.WindowsAppSDK.InteractiveExperiences": {
        "type": "Direct",
        "requested": "[2.1.9, )",
        "resolved": "2.1.9",
        "contentHash": "59nvb3pQYsBTTGrobeHkB4bkxASHtpaORJl7r6Zvg8PSIDCupEZTPKrIhnUknHDGfAtuBsnORjgvRi2WXGaRhA==",
        "dependencies": {
          "Microsoft.WindowsAppSDK.Base": "2.0.4"
        }
      },
      "Microsoft.WindowsAppSDK.WinUI": {
        "type": "Direct",
        "requested": "[2.3.9, )",
        "resolved": "2.3.9",
        "contentHash": "GiuYUQqMYD5lycT+X2AGX1rlbHU/zf8xoPeZNXZbJj4mZcSr4STsxeRUMxnTUQLAmmjjQaPrTIRjn78vbPhAvg==",
        "dependencies": {
          "Microsoft.Web.WebView2": "1.0.3719.77",
          "Microsoft.WindowsAppSDK.Base": "2.0.4",
          "Microsoft.WindowsAppSDK.Foundation": "2.3.12",
          "Microsoft.WindowsAppSDK.InteractiveExperiences": "2.1.8"
        }
      },
      "Microsoft.Web.WebView2": {
        "type": "Transitive",
        "resolved": "1.0.3719.77",
        "contentHash": "t+ucyKw5NTwMjsUrDF6R9Lk40lpcKQD1/HgyGFxl49tdA4h9dKlsj6FYGEmDRpFNfnTpENuTypMcdbrlkqBdDA=="
      },
      "Microsoft.Windows.SDK.BuildTools.MSIX": {
        "type": "Transitive",
        "resolved": "1.7.251221100",
        "contentHash": "f4aIZJ0NUth2403oxrpR+9rxVzZVI6dabqB21u8ncnk8eJAKCs9m77E4iYAnvP1YwrRe4axz3f8+yUcttNSfEA=="
      },
      "controlfs.application": {
        "type": "Project",
        "dependencies": {
          "ControlFS.Core": "[0.1.0, )"
        }
      },
      "controlfs.core": {
        "type": "Project"
      },
      "controlfs.infrastructure.archives": {
        "type": "Project",
        "dependencies": {
          "ControlFS.Core": "[0.1.0, )",
          "ControlFS.Infrastructure.Windows": "[0.1.0, )",
          "SharpCompress": "[1.0.0, )"
        }
      },
      "controlfs.infrastructure.input.sdl3": {
        "type": "Project",
        "dependencies": {
          "ControlFS.Core": "[0.1.0, )",
          "ppy.SDL3-CS": "[2026.722.0, )"
        }
      },
      "controlfs.infrastructure.updates": {
        "type": "Project",
        "dependencies": {
          "ControlFS.Core": "[0.1.0, )"
        }
      },
      "controlfs.infrastructure.windows": {
        "type": "Project",
        "dependencies": {
          "ControlFS.Core": "[0.1.0, )"
        }
      },
      "ppy.SDL3-CS": {
        "type": "CentralTransitive",
        "requested": "[2026.722.0, )",
        "resolved": "2026.722.0",
        "contentHash": "Sof8ihhvW7z4YTVGoSjrAEeRiddIbvb9zXbEIfBoqRw38suzo6R5V+4krRVb4JwzyahS0tGFnNOxW2hHRr18Dg=="
      },
      "SharpCompress": {
        "type": "CentralTransitive",
        "requested": "[1.0.0, )",
        "resolved": "1.0.0",
        "contentHash": "bdBq9V2epw7KBX3TeA+lxnKU8dD61tsqVuyuo5cAXj4d+9+fcIQObTr0705oTWnPDRhjRx3TpgOFbYYAMObpaw=="
      }
    },
    "net10.0-windows10.0.19041/win-x64": {
      "Microsoft.WindowsAppSDK.Foundation": {
        "type": "Direct",
        "requested": "[2.3.12, )",
        "resolved": "2.3.12",
        "contentHash": "UflrNbXoZmHPt8lLGDk4gQ+yoGfQlCHd3TVTy7YwCMZ/aVGWAiLDqGCEjtWmNsI8ySy6imx3ZlenKfd2/VMPEg==",
        "dependencies": {
          "Microsoft.WindowsAppSDK.Base": "2.0.4",
          "Microsoft.WindowsAppSDK.InteractiveExperiences": "2.1.8"
        }
      },
      "Microsoft.Web.WebView2": {
        "type": "Transitive",
        "resolved": "1.0.3719.77",
        "contentHash": "t+ucyKw5NTwMjsUrDF6R9Lk40lpcKQD1/HgyGFxl49tdA4h9dKlsj6FYGEmDRpFNfnTpENuTypMcdbrlkqBdDA=="
      },
      "ppy.SDL3-CS": {
        "type": "CentralTransitive",
        "requested": "[2026.722.0, )",
        "resolved": "2026.722.0",
        "contentHash": "Sof8ihhvW7z4YTVGoSjrAEeRiddIbvb9zXbEIfBoqRw38suzo6R5V+4krRVb4JwzyahS0tGFnNOxW2hHRr18Dg=="
      }
    }
  }
}